
Microsoft Visual Studio Solution File, Format Version 12.00
# Visual Studio Version 16
VisualStudioVersion = 16.0.31025.194
MinimumVisualStudioVersion = 10.0.40219.1
Project("{9A19103F-16F7-4668-BE54-9A1E7A4F7556}") = "SoHost.WPF", "SoHost.WPF\SoHost.WPF.csproj", "{84FAAA46-5F41-4609-829E-E3BB30076D49}"
EndProject
Project("{9A19103F-16F7-4668-BE54-9A1E7A4F7556}") = "SoHost.Models", "SoHost.Models\SoHost.Models.csproj", "{CE8365F0-8D80-4F33-869C-AF2540687A47}"
EndProject
Global
	GlobalSection(SolutionConfigurationPlatforms) = preSolution
		Debug|Any CPU = Debug|Any CPU
		Release|Any CPU = Release|Any CPU
	EndGlobalSection
	GlobalSection(ProjectConfigurationPlatforms) = postSolution
		{84FAAA46-5F41-4609-829E-E3BB30076D49}.Debug|Any CPU.ActiveCfg = Debug|Any CPU
		{84FAAA46-5F41-4609-829E-E3BB30076D49}.Debug|Any CPU.Build.0 = Debug|Any CPU
		{84FAAA46-5F41-4609-829E-E3BB30076D49}.Release|Any CPU.ActiveCfg = Release|Any CPU
		{84FAAA46-5F41-4609-829E-E3BB30076D49}.Release|Any CPU.Build.0 = Release|Any CPU
		{CE8365F0-8D80-4F33-869C-AF2540687A47}.Debug|Any CPU.ActiveCfg = Debug|Any CPU
		{CE8365F0-8D80-4F33-869C-AF2540687A47}.Debug|Any CPU.Build.0 = Debug|Any CPU
		{CE8365F0-8D80-4F33-869C-AF2540687A47}.Release|Any CPU.ActiveCfg = Release|Any CPU
		{CE8365F0-8D80-4F33-869C-AF2540687A47}.Release|Any CPU.Build.0 = Release|Any CPU
	EndGlobalSection
	GlobalSection(SolutionProperties) = preSolution
		HideSolutionNode = FALSE
	EndGlobalSection
	GlobalSection(ExtensibilityGlobals) = postSolution
		SolutionGuid = {48653908-62A5-4D95-A685-6912A6A7AD6E}
	EndGlobalSection
EndGlobal
