
Microsoft Visual Studio Solution File, Format Version 12.00
# Visual Studio Version 16
VisualStudioVersion = 16.0.31025.194
MinimumVisualStudioVersion = 10.0.40219.1
Project("{9A19103F-16F7-4668-BE54-9A1E7A4F7556}") = "SoHost.WPF", "SoHost.WPF\SoHost.WPF.csproj", "{84FAAA46-5F41-4609-829E-E3BB30076D49}"
EndProject
Project("{FAE04EC0-301F-11D3-BF4B-00C04F79EFBC}") = "SoHost.BlazorWA.Server", "SoHost.BlazorWA\Server\SoHost.BlazorWA.Server.csproj", "{2197CF1D-5BAB-409E-A63D-D06BE72F5F15}"
EndProject
Project("{FAE04EC0-301F-11D3-BF4B-00C04F79EFBC}") = "SoHost.BlazorWA.Client", "SoHost.BlazorWA\Client\SoHost.BlazorWA.Client.csproj", "{CBDA5C61-B961-4969-826A-2AB8FBC14367}"
EndProject
Project("{FAE04EC0-301F-11D3-BF4B-00C04F79EFBC}") = "SoHost.BlazorWA.Shared", "SoHost.BlazorWA\Shared\SoHost.BlazorWA.Shared.csproj", "{F5020EF6-70DB-4FDA-8CCD-22131E301CA7}"
EndProject
Project("{FAE04EC0-301F-11D3-BF4B-00C04F79EFBC}") = "SoHost.Models", "SoHost.Models\SoHost.Models.csproj", "{CE8365F0-8D80-4F33-869C-AF2540687A47}"
EndProject
Global
	GlobalSection(SolutionConfigurationPlatforms) = preSolution
		Debug|Any CPU = Debug|Any CPU
		Release|Any CPU = Release|Any CPU
	EndGlobalSection
	GlobalSection(ProjectConfigurationPlatforms) = postSolution
		{84FAAA46-5F41-4609-829E-E3BB30076D49}.Debug|Any CPU.ActiveCfg = Debug|Any CPU
		{84FAAA46-5F41-4609-829E-E3BB30076D49}.Debug|Any CPU.Build.0 = Debug|Any CPU
		{84FAAA46-5F41-4609-829E-E3BB30076D49}.Release|Any CPU.ActiveCfg = Release|Any CPU
		{84FAAA46-5F41-4609-829E-E3BB30076D49}.Release|Any CPU.Build.0 = Release|Any CPU
		{2197CF1D-5BAB-409E-A63D-D06BE72F5F15}.Debug|Any CPU.ActiveCfg = Debug|Any CPU
		{2197CF1D-5BAB-409E-A63D-D06BE72F5F15}.Debug|Any CPU.Build.0 = Debug|Any CPU
		{2197CF1D-5BAB-409E-A63D-D06BE72F5F15}.Release|Any CPU.ActiveCfg = Release|Any CPU
		{2197CF1D-5BAB-409E-A63D-D06BE72F5F15}.Release|Any CPU.Build.0 = Release|Any CPU
		{CBDA5C61-B961-4969-826A-2AB8FBC14367}.Debug|Any CPU.ActiveCfg = Debug|Any CPU
		{CBDA5C61-B961-4969-826A-2AB8FBC14367}.Debug|Any CPU.Build.0 = Debug|Any CPU
		{CBDA5C61-B961-4969-826A-2AB8FBC14367}.Release|Any CPU.ActiveCfg = Release|Any CPU
		{CBDA5C61-B961-4969-826A-2AB8FBC14367}.Release|Any CPU.Build.0 = Release|Any CPU
		{F5020EF6-70DB-4FDA-8CCD-22131E301CA7}.Debug|Any CPU.ActiveCfg = Debug|Any CPU
		{F5020EF6-70DB-4FDA-8CCD-22131E301CA7}.Debug|Any CPU.Build.0 = Debug|Any CPU
		{F5020EF6-70DB-4FDA-8CCD-22131E301CA7}.Release|Any CPU.ActiveCfg = Release|Any CPU
		{F5020EF6-70DB-4FDA-8CCD-22131E301CA7}.Release|Any CPU.Build.0 = Release|Any CPU
		{CE8365F0-8D80-4F33-869C-AF2540687A47}.Debug|Any CPU.ActiveCfg = Debug|Any CPU
		{CE8365F0-8D80-4F33-869C-AF2540687A47}.Debug|Any CPU.Build.0 = Debug|Any CPU
		{CE8365F0-8D80-4F33-869C-AF2540687A47}.Release|Any CPU.ActiveCfg = Release|Any CPU
		{CE8365F0-8D80-4F33-869C-AF2540687A47}.Release|Any CPU.Build.0 = Release|Any CPU
	EndGlobalSection
	GlobalSection(SolutionProperties) = preSolution
		HideSolutionNode = FALSE
	EndGlobalSection
	GlobalSection(ExtensibilityGlobals) = postSolution
		SolutionGuid = {48653908-62A5-4D95-A685-6912A6A7AD6E}
	EndGlobalSection
EndGlobal
